
Microsoft Visual Studio Solution File, Format Version 12.00
# Visual Studio Version 16
VisualStudioVersion = 16.0.30406.217
MinimumVisualStudioVersion = 10.0.40219.1
Project("{9A19103F-16F7-4668-BE54-9A1E7A4F7556}") = "ProductionCode", "UnitTesting1\ProductionCode.csproj", "{D8C09BCA-B563-4C29-AC72-7E30F0599D00}"
EndProject
Project("{9A19103F-16F7-4668-BE54-9A1E7A4F7556}") = "MSUnitTestProject1", "UnitTestProject1\MSUnitTestProject1.csproj", "{9FC413C8-6BC7-4C52-9B33-439747B154A2}"
EndProject
Project("{9A19103F-16F7-4668-BE54-9A1E7A4F7556}") = "XUnitTestProject1", "XUnitTestProject1\XUnitTestProject1.csproj", "{85F4DD08-2ADA-43B0-9F2F-E0F6DD6C13B4}"
EndProject
Project("{2150E333-8FDC-42A3-9474-1A3956D46DE8}") = "DenmarkGradeTesting", "DenmarkGradeTesting", "{76C3415D-A1DC-4E5E-8695-6CA131B0E595}"
EndProject
Project("{FAE04EC0-301F-11D3-BF4B-00C04F79EFBC}") = "DenmarkGradeXUnitTest", "XUnitTestProject2\DenmarkGradeXUnitTest.csproj", "{11472BA3-5A6F-4161-89AB-DB9B156736D0}"
EndProject
Project("{FAE04EC0-301F-11D3-BF4B-00C04F79EFBC}") = "DenmarkGradeSystem", "Assignment2Testing\DenmarkGradeSystem.csproj", "{F7C3CCDF-B91C-488B-A705-F6418AF82114}"
EndProject
Project("{2150E333-8FDC-42A3-9474-1A3956D46DE8}") = "TennagerTesting", "TennagerTesting", "{DE6FE51E-28F4-42CA-AD87-1E62C9F1B9EB}"
EndProject
Project("{FAE04EC0-301F-11D3-BF4B-00C04F79EFBC}") = "IsTeenager", "IsTeenager\IsTeenager.csproj", "{70CDC770-391B-49FF-B7B5-FD9C4391BCB5}"
EndProject
Project("{FAE04EC0-301F-11D3-BF4B-00C04F79EFBC}") = "IsTennagerTestCode", "IsTennagerTestCode\IsTennagerTestCode.csproj", "{C27DF61D-FBFB-4CC5-8C18-0A389C408FCD}"
EndProject
Global
	GlobalSection(SolutionConfigurationPlatforms) = preSolution
		Debug|Any CPU = Debug|Any CPU
		Release|Any CPU = Release|Any CPU
	EndGlobalSection
	GlobalSection(ProjectConfigurationPlatforms) = postSolution
		{D8C09BCA-B563-4C29-AC72-7E30F0599D00}.Debug|Any CPU.ActiveCfg = Debug|Any CPU
		{D8C09BCA-B563-4C29-AC72-7E30F0599D00}.Debug|Any CPU.Build.0 = Debug|Any CPU
		{D8C09BCA-B563-4C29-AC72-7E30F0599D00}.Release|Any CPU.ActiveCfg = Release|Any CPU
		{D8C09BCA-B563-4C29-AC72-7E30F0599D00}.Release|Any CPU.Build.0 = Release|Any CPU
		{9FC413C8-6BC7-4C52-9B33-439747B154A2}.Debug|Any CPU.ActiveCfg = Debug|Any CPU
		{9FC413C8-6BC7-4C52-9B33-439747B154A2}.Debug|Any CPU.Build.0 = Debug|Any CPU
		{9FC413C8-6BC7-4C52-9B33-439747B154A2}.Release|Any CPU.ActiveCfg = Release|Any CPU
		{9FC413C8-6BC7-4C52-9B33-439747B154A2}.Release|Any CPU.Build.0 = Release|Any CPU
		{85F4DD08-2ADA-43B0-9F2F-E0F6DD6C13B4}.Debug|Any CPU.ActiveCfg = Debug|Any CPU
		{85F4DD08-2ADA-43B0-9F2F-E0F6DD6C13B4}.Debug|Any CPU.Build.0 = Debug|Any CPU
		{85F4DD08-2ADA-43B0-9F2F-E0F6DD6C13B4}.Release|Any CPU.ActiveCfg = Release|Any CPU
		{85F4DD08-2ADA-43B0-9F2F-E0F6DD6C13B4}.Release|Any CPU.Build.0 = Release|Any CPU
		{11472BA3-5A6F-4161-89AB-DB9B156736D0}.Debug|Any CPU.ActiveCfg = Debug|Any CPU
		{11472BA3-5A6F-4161-89AB-DB9B156736D0}.Debug|Any CPU.Build.0 = Debug|Any CPU
		{11472BA3-5A6F-4161-89AB-DB9B156736D0}.Release|Any CPU.ActiveCfg = Release|Any CPU
		{11472BA3-5A6F-4161-89AB-DB9B156736D0}.Release|Any CPU.Build.0 = Release|Any CPU
		{F7C3CCDF-B91C-488B-A705-F6418AF82114}.Debug|Any CPU.ActiveCfg = Debug|Any CPU
		{F7C3CCDF-B91C-488B-A705-F6418AF82114}.Debug|Any CPU.Build.0 = Debug|Any CPU
		{F7C3CCDF-B91C-488B-A705-F6418AF82114}.Release|Any CPU.ActiveCfg = Release|Any CPU
		{F7C3CCDF-B91C-488B-A705-F6418AF82114}.Release|Any CPU.Build.0 = Release|Any CPU
		{70CDC770-391B-49FF-B7B5-FD9C4391BCB5}.Debug|Any CPU.ActiveCfg = Debug|Any CPU
		{70CDC770-391B-49FF-B7B5-FD9C4391BCB5}.Debug|Any CPU.Build.0 = Debug|Any CPU
		{70CDC770-391B-49FF-B7B5-FD9C4391BCB5}.Release|Any CPU.ActiveCfg = Release|Any CPU
		{70CDC770-391B-49FF-B7B5-FD9C4391BCB5}.Release|Any CPU.Build.0 = Release|Any CPU
		{C27DF61D-FBFB-4CC5-8C18-0A389C408FCD}.Debug|Any CPU.ActiveCfg = Debug|Any CPU
		{C27DF61D-FBFB-4CC5-8C18-0A389C408FCD}.Debug|Any CPU.Build.0 = Debug|Any CPU
		{C27DF61D-FBFB-4CC5-8C18-0A389C408FCD}.Release|Any CPU.ActiveCfg = Release|Any CPU
		{C27DF61D-FBFB-4CC5-8C18-0A389C408FCD}.Release|Any CPU.Build.0 = Release|Any CPU
	EndGlobalSection
	GlobalSection(SolutionProperties) = preSolution
		HideSolutionNode = FALSE
	EndGlobalSection
	GlobalSection(NestedProjects) = preSolution
		{11472BA3-5A6F-4161-89AB-DB9B156736D0} = {76C3415D-A1DC-4E5E-8695-6CA131B0E595}
		{F7C3CCDF-B91C-488B-A705-F6418AF82114} = {76C3415D-A1DC-4E5E-8695-6CA131B0E595}
		{70CDC770-391B-49FF-B7B5-FD9C4391BCB5} = {DE6FE51E-28F4-42CA-AD87-1E62C9F1B9EB}
		{C27DF61D-FBFB-4CC5-8C18-0A389C408FCD} = {DE6FE51E-28F4-42CA-AD87-1E62C9F1B9EB}
	EndGlobalSection
	GlobalSection(ExtensibilityGlobals) = postSolution
		SolutionGuid = {586ED17F-7DBA-4765-9F52-3EAEB20C5725}
	EndGlobalSection
EndGlobal
