
Microsoft Visual Studio Solution File, Format Version 12.00
# Visual Studio Version 16
VisualStudioVersion = 16.0.30406.217
MinimumVisualStudioVersion = 10.0.40219.1
Project("{FAE04EC0-301F-11D3-BF4B-00C04F79EFBC}") = "ProductionCode", "UnitTesting1\ProductionCode.csproj", "{D8C09BCA-B563-4C29-AC72-7E30F0599D00}"
EndProject
Project("{FAE04EC0-301F-11D3-BF4B-00C04F79EFBC}") = "UnitTestProject1", "UnitTestProject1\UnitTestProject1.csproj", "{9FC413C8-6BC7-4C52-9B33-439747B154A2}"
EndProject
Global
	GlobalSection(SolutionConfigurationPlatforms) = preSolution
		Debug|Any CPU = Debug|Any CPU
		Release|Any CPU = Release|Any CPU
	EndGlobalSection
	GlobalSection(ProjectConfigurationPlatforms) = postSolution
		{D8C09BCA-B563-4C29-AC72-7E30F0599D00}.Debug|Any CPU.ActiveCfg = Debug|Any CPU
		{D8C09BCA-B563-4C29-AC72-7E30F0599D00}.Debug|Any CPU.Build.0 = Debug|Any CPU
		{D8C09BCA-B563-4C29-AC72-7E30F0599D00}.Release|Any CPU.ActiveCfg = Release|Any CPU
		{D8C09BCA-B563-4C29-AC72-7E30F0599D00}.Release|Any CPU.Build.0 = Release|Any CPU
		{9FC413C8-6BC7-4C52-9B33-439747B154A2}.Debug|Any CPU.ActiveCfg = Debug|Any CPU
		{9FC413C8-6BC7-4C52-9B33-439747B154A2}.Debug|Any CPU.Build.0 = Debug|Any CPU
		{9FC413C8-6BC7-4C52-9B33-439747B154A2}.Release|Any CPU.ActiveCfg = Release|Any CPU
		{9FC413C8-6BC7-4C52-9B33-439747B154A2}.Release|Any CPU.Build.0 = Release|Any CPU
	EndGlobalSection
	GlobalSection(SolutionProperties) = preSolution
		HideSolutionNode = FALSE
	EndGlobalSection
	GlobalSection(ExtensibilityGlobals) = postSolution
		SolutionGuid = {586ED17F-7DBA-4765-9F52-3EAEB20C5725}
	EndGlobalSection
EndGlobal
